// !$*UTF8*$!
{
	archiveVersion = 1;
	classes = {
	};
	objectVersion = 46;
	objects = {

/* Begin PBXBuildFile section */
		OBJ_101 /* ArgumentConvertible.swift in Sources */ = {isa = PBXBuildFile; fileRef = OBJ_36 /* ArgumentConvertible.swift */; };
		OBJ_102 /* ArgumentDescription.swift in Sources */ = {isa = PBXBuildFile; fileRef = OBJ_37 /* ArgumentDescription.swift */; };
		OBJ_103 /* ArgumentParser.swift in Sources */ = {isa = PBXBuildFile; fileRef = OBJ_38 /* ArgumentParser.swift */; };
		OBJ_104 /* Command.swift in Sources */ = {isa = PBXBuildFile; fileRef = OBJ_39 /* Command.swift */; };
		OBJ_105 /* CommandRunner.swift in Sources */ = {isa = PBXBuildFile; fileRef = OBJ_40 /* CommandRunner.swift */; };
		OBJ_106 /* Commands.swift in Sources */ = {isa = PBXBuildFile; fileRef = OBJ_41 /* Commands.swift */; };
		OBJ_107 /* CommandType.swift in Sources */ = {isa = PBXBuildFile; fileRef = OBJ_42 /* CommandType.swift */; };
		OBJ_108 /* Error.swift in Sources */ = {isa = PBXBuildFile; fileRef = OBJ_43 /* Error.swift */; };
		OBJ_109 /* Group.swift in Sources */ = {isa = PBXBuildFile; fileRef = OBJ_44 /* Group.swift */; };
		OBJ_111 /* Spectre.framework in Frameworks */ = {isa = PBXBuildFile; fileRef = OBJ_55 /* Spectre.framework */; };
		OBJ_118 /* ConfigReader.swift in Sources */ = {isa = PBXBuildFile; fileRef = OBJ_46 /* ConfigReader.swift */; };
		OBJ_119 /* Downloader.swift in Sources */ = {isa = PBXBuildFile; fileRef = OBJ_47 /* Downloader.swift */; };
		OBJ_120 /* main.swift in Sources */ = {isa = PBXBuildFile; fileRef = OBJ_48 /* main.swift */; };
		OBJ_122 /* Alamofire.framework in Frameworks */ = {isa = PBXBuildFile; fileRef = OBJ_54 /* Alamofire.framework */; };
		OBJ_123 /* Spectre.framework in Frameworks */ = {isa = PBXBuildFile; fileRef = OBJ_55 /* Spectre.framework */; };
		OBJ_124 /* Commander.framework in Frameworks */ = {isa = PBXBuildFile; fileRef = OBJ_56 /* Commander.framework */; };
		OBJ_133 /* PathSpec.swift in Sources */ = {isa = PBXBuildFile; fileRef = OBJ_51 /* PathSpec.swift */; };
		OBJ_134 /* XCTest.swift in Sources */ = {isa = PBXBuildFile; fileRef = OBJ_52 /* XCTest.swift */; };
		OBJ_136 /* Alamofire.framework in Frameworks */ = {isa = PBXBuildFile; fileRef = OBJ_54 /* Alamofire.framework */; };
		OBJ_137 /* Spectre.framework in Frameworks */ = {isa = PBXBuildFile; fileRef = OBJ_55 /* Spectre.framework */; };
		OBJ_138 /* Commander.framework in Frameworks */ = {isa = PBXBuildFile; fileRef = OBJ_56 /* Commander.framework */; };
		OBJ_64 /* AFError.swift in Sources */ = {isa = PBXBuildFile; fileRef = OBJ_9 /* AFError.swift */; };
		OBJ_65 /* Alamofire.swift in Sources */ = {isa = PBXBuildFile; fileRef = OBJ_10 /* Alamofire.swift */; };
		OBJ_66 /* DispatchQueue+Alamofire.swift in Sources */ = {isa = PBXBuildFile; fileRef = OBJ_11 /* DispatchQueue+Alamofire.swift */; };
		OBJ_67 /* MultipartFormData.swift in Sources */ = {isa = PBXBuildFile; fileRef = OBJ_12 /* MultipartFormData.swift */; };
		OBJ_68 /* NetworkReachabilityManager.swift in Sources */ = {isa = PBXBuildFile; fileRef = OBJ_13 /* NetworkReachabilityManager.swift */; };
		OBJ_69 /* Notifications.swift in Sources */ = {isa = PBXBuildFile; fileRef = OBJ_14 /* Notifications.swift */; };
		OBJ_70 /* ParameterEncoding.swift in Sources */ = {isa = PBXBuildFile; fileRef = OBJ_15 /* ParameterEncoding.swift */; };
		OBJ_71 /* Request.swift in Sources */ = {isa = PBXBuildFile; fileRef = OBJ_16 /* Request.swift */; };
		OBJ_72 /* Response.swift in Sources */ = {isa = PBXBuildFile; fileRef = OBJ_17 /* Response.swift */; };
		OBJ_73 /* ResponseSerialization.swift in Sources */ = {isa = PBXBuildFile; fileRef = OBJ_18 /* ResponseSerialization.swift */; };
		OBJ_74 /* Result.swift in Sources */ = {isa = PBXBuildFile; fileRef = OBJ_19 /* Result.swift */; };
		OBJ_75 /* ServerTrustPolicy.swift in Sources */ = {isa = PBXBuildFile; fileRef = OBJ_20 /* ServerTrustPolicy.swift */; };
		OBJ_76 /* SessionDelegate.swift in Sources */ = {isa = PBXBuildFile; fileRef = OBJ_21 /* SessionDelegate.swift */; };
		OBJ_77 /* SessionManager.swift in Sources */ = {isa = PBXBuildFile; fileRef = OBJ_22 /* SessionManager.swift */; };
		OBJ_78 /* TaskDelegate.swift in Sources */ = {isa = PBXBuildFile; fileRef = OBJ_23 /* TaskDelegate.swift */; };
		OBJ_79 /* Timeline.swift in Sources */ = {isa = PBXBuildFile; fileRef = OBJ_24 /* Timeline.swift */; };
		OBJ_80 /* Validation.swift in Sources */ = {isa = PBXBuildFile; fileRef = OBJ_25 /* Validation.swift */; };
		OBJ_87 /* Case.swift in Sources */ = {isa = PBXBuildFile; fileRef = OBJ_27 /* Case.swift */; };
		OBJ_88 /* Context.swift in Sources */ = {isa = PBXBuildFile; fileRef = OBJ_28 /* Context.swift */; };
		OBJ_89 /* Expectation.swift in Sources */ = {isa = PBXBuildFile; fileRef = OBJ_29 /* Expectation.swift */; };
		OBJ_90 /* Failure.swift in Sources */ = {isa = PBXBuildFile; fileRef = OBJ_30 /* Failure.swift */; };
		OBJ_91 /* Global.swift in Sources */ = {isa = PBXBuildFile; fileRef = OBJ_31 /* Global.swift */; };
		OBJ_92 /* GlobalContext.swift in Sources */ = {isa = PBXBuildFile; fileRef = OBJ_32 /* GlobalContext.swift */; };
		OBJ_93 /* Reporter.swift in Sources */ = {isa = PBXBuildFile; fileRef = OBJ_33 /* Reporter.swift */; };
		OBJ_94 /* Reporters.swift in Sources */ = {isa = PBXBuildFile; fileRef = OBJ_34 /* Reporters.swift */; };
/* End PBXBuildFile section */

/* Begin PBXContainerItemProxy section */
		79B1D2D71E18032F0052A502 /* PBXContainerItemProxy */ = {
			isa = PBXContainerItemProxy;
			containerPortal = OBJ_1 /* Project object */;
			proxyType = 1;
			remoteGlobalIDString = OBJ_82;
			remoteInfo = Spectre;
		};
		79B1D2D81E18032F0052A502 /* PBXContainerItemProxy */ = {
			isa = PBXContainerItemProxy;
			containerPortal = OBJ_1 /* Project object */;
			proxyType = 1;
			remoteGlobalIDString = OBJ_59;
			remoteInfo = Alamofire;
		};
		79B1D2D91E18032F0052A502 /* PBXContainerItemProxy */ = {
			isa = PBXContainerItemProxy;
			containerPortal = OBJ_1 /* Project object */;
			proxyType = 1;
			remoteGlobalIDString = OBJ_82;
			remoteInfo = Spectre;
		};
		79B1D2DA1E18032F0052A502 /* PBXContainerItemProxy */ = {
			isa = PBXContainerItemProxy;
			containerPortal = OBJ_1 /* Project object */;
			proxyType = 1;
			remoteGlobalIDString = OBJ_96;
			remoteInfo = Commander;
		};
		79B1D2DB1E18032F0052A502 /* PBXContainerItemProxy */ = {
			isa = PBXContainerItemProxy;
			containerPortal = OBJ_1 /* Project object */;
			proxyType = 1;
			remoteGlobalIDString = OBJ_59;
			remoteInfo = Alamofire;
		};
		79B1D2DC1E18032F0052A502 /* PBXContainerItemProxy */ = {
			isa = PBXContainerItemProxy;
			containerPortal = OBJ_1 /* Project object */;
			proxyType = 1;
			remoteGlobalIDString = OBJ_82;
			remoteInfo = Spectre;
		};
		79B1D2DD1E18032F0052A502 /* PBXContainerItemProxy */ = {
			isa = PBXContainerItemProxy;
			containerPortal = OBJ_1 /* Project object */;
			proxyType = 1;
			remoteGlobalIDString = OBJ_96;
			remoteInfo = Commander;
		};
		79B1D2DE1E18032F0052A502 /* PBXContainerItemProxy */ = {
			isa = PBXContainerItemProxy;
			containerPortal = OBJ_1 /* Project object */;
			proxyType = 1;
			remoteGlobalIDString = OBJ_113;
			remoteInfo = Ambil;
		};
/* End PBXContainerItemProxy section */

/* Begin PBXFileReference section */
		OBJ_10 /* Alamofire.swift */ = {isa = PBXFileReference; lastKnownFileType = sourcecode.swift; path = Alamofire.swift; sourceTree = "<group>"; };
		OBJ_11 /* DispatchQueue+Alamofire.swift */ = {isa = PBXFileReference; lastKnownFileType = sourcecode.swift; path = "DispatchQueue+Alamofire.swift"; sourceTree = "<group>"; };
		OBJ_12 /* MultipartFormData.swift */ = {isa = PBXFileReference; lastKnownFileType = sourcecode.swift; path = MultipartFormData.swift; sourceTree = "<group>"; };
		OBJ_13 /* NetworkReachabilityManager.swift */ = {isa = PBXFileReference; lastKnownFileType = sourcecode.swift; path = NetworkReachabilityManager.swift; sourceTree = "<group>"; };
		OBJ_14 /* Notifications.swift */ = {isa = PBXFileReference; lastKnownFileType = sourcecode.swift; path = Notifications.swift; sourceTree = "<group>"; };
		OBJ_15 /* ParameterEncoding.swift */ = {isa = PBXFileReference; lastKnownFileType = sourcecode.swift; path = ParameterEncoding.swift; sourceTree = "<group>"; };
		OBJ_16 /* Request.swift */ = {isa = PBXFileReference; lastKnownFileType = sourcecode.swift; path = Request.swift; sourceTree = "<group>"; };
		OBJ_17 /* Response.swift */ = {isa = PBXFileReference; lastKnownFileType = sourcecode.swift; path = Response.swift; sourceTree = "<group>"; };
		OBJ_18 /* ResponseSerialization.swift */ = {isa = PBXFileReference; lastKnownFileType = sourcecode.swift; path = ResponseSerialization.swift; sourceTree = "<group>"; };
		OBJ_19 /* Result.swift */ = {isa = PBXFileReference; lastKnownFileType = sourcecode.swift; path = Result.swift; sourceTree = "<group>"; };
		OBJ_20 /* ServerTrustPolicy.swift */ = {isa = PBXFileReference; lastKnownFileType = sourcecode.swift; path = ServerTrustPolicy.swift; sourceTree = "<group>"; };
		OBJ_21 /* SessionDelegate.swift */ = {isa = PBXFileReference; lastKnownFileType = sourcecode.swift; path = SessionDelegate.swift; sourceTree = "<group>"; };
		OBJ_22 /* SessionManager.swift */ = {isa = PBXFileReference; lastKnownFileType = sourcecode.swift; path = SessionManager.swift; sourceTree = "<group>"; };
		OBJ_23 /* TaskDelegate.swift */ = {isa = PBXFileReference; lastKnownFileType = sourcecode.swift; path = TaskDelegate.swift; sourceTree = "<group>"; };
		OBJ_24 /* Timeline.swift */ = {isa = PBXFileReference; lastKnownFileType = sourcecode.swift; path = Timeline.swift; sourceTree = "<group>"; };
		OBJ_25 /* Validation.swift */ = {isa = PBXFileReference; lastKnownFileType = sourcecode.swift; path = Validation.swift; sourceTree = "<group>"; };
		OBJ_27 /* Case.swift */ = {isa = PBXFileReference; lastKnownFileType = sourcecode.swift; path = Case.swift; sourceTree = "<group>"; };
		OBJ_28 /* Context.swift */ = {isa = PBXFileReference; lastKnownFileType = sourcecode.swift; path = Context.swift; sourceTree = "<group>"; };
		OBJ_29 /* Expectation.swift */ = {isa = PBXFileReference; lastKnownFileType = sourcecode.swift; path = Expectation.swift; sourceTree = "<group>"; };
		OBJ_30 /* Failure.swift */ = {isa = PBXFileReference; lastKnownFileType = sourcecode.swift; path = Failure.swift; sourceTree = "<group>"; };
		OBJ_31 /* Global.swift */ = {isa = PBXFileReference; lastKnownFileType = sourcecode.swift; path = Global.swift; sourceTree = "<group>"; };
		OBJ_32 /* GlobalContext.swift */ = {isa = PBXFileReference; lastKnownFileType = sourcecode.swift; path = GlobalContext.swift; sourceTree = "<group>"; };
		OBJ_33 /* Reporter.swift */ = {isa = PBXFileReference; lastKnownFileType = sourcecode.swift; path = Reporter.swift; sourceTree = "<group>"; };
		OBJ_34 /* Reporters.swift */ = {isa = PBXFileReference; lastKnownFileType = sourcecode.swift; path = Reporters.swift; sourceTree = "<group>"; };
		OBJ_36 /* ArgumentConvertible.swift */ = {isa = PBXFileReference; lastKnownFileType = sourcecode.swift; path = ArgumentConvertible.swift; sourceTree = "<group>"; };
		OBJ_37 /* ArgumentDescription.swift */ = {isa = PBXFileReference; lastKnownFileType = sourcecode.swift; path = ArgumentDescription.swift; sourceTree = "<group>"; };
		OBJ_38 /* ArgumentParser.swift */ = {isa = PBXFileReference; lastKnownFileType = sourcecode.swift; path = ArgumentParser.swift; sourceTree = "<group>"; };
		OBJ_39 /* Command.swift */ = {isa = PBXFileReference; lastKnownFileType = sourcecode.swift; path = Command.swift; sourceTree = "<group>"; };
		OBJ_40 /* CommandRunner.swift */ = {isa = PBXFileReference; lastKnownFileType = sourcecode.swift; path = CommandRunner.swift; sourceTree = "<group>"; };
		OBJ_41 /* Commands.swift */ = {isa = PBXFileReference; lastKnownFileType = sourcecode.swift; path = Commands.swift; sourceTree = "<group>"; };
		OBJ_42 /* CommandType.swift */ = {isa = PBXFileReference; lastKnownFileType = sourcecode.swift; path = CommandType.swift; sourceTree = "<group>"; };
		OBJ_43 /* Error.swift */ = {isa = PBXFileReference; lastKnownFileType = sourcecode.swift; path = Error.swift; sourceTree = "<group>"; };
		OBJ_44 /* Group.swift */ = {isa = PBXFileReference; lastKnownFileType = sourcecode.swift; path = Group.swift; sourceTree = "<group>"; };
		OBJ_46 /* ConfigReader.swift */ = {isa = PBXFileReference; lastKnownFileType = sourcecode.swift; path = ConfigReader.swift; sourceTree = "<group>"; };
		OBJ_47 /* Downloader.swift */ = {isa = PBXFileReference; lastKnownFileType = sourcecode.swift; path = Downloader.swift; sourceTree = "<group>"; };
		OBJ_48 /* main.swift */ = {isa = PBXFileReference; lastKnownFileType = sourcecode.swift; path = main.swift; sourceTree = "<group>"; };
		OBJ_51 /* PathSpec.swift */ = {isa = PBXFileReference; lastKnownFileType = sourcecode.swift; path = PathSpec.swift; sourceTree = "<group>"; };
		OBJ_52 /* XCTest.swift */ = {isa = PBXFileReference; lastKnownFileType = sourcecode.swift; path = XCTest.swift; sourceTree = "<group>"; };
		OBJ_54 /* Alamofire.framework */ = {isa = PBXFileReference; explicitFileType = wrapper.framework; path = Alamofire.framework; sourceTree = BUILT_PRODUCTS_DIR; };
		OBJ_55 /* Spectre.framework */ = {isa = PBXFileReference; explicitFileType = wrapper.framework; path = Spectre.framework; sourceTree = BUILT_PRODUCTS_DIR; };
		OBJ_56 /* Commander.framework */ = {isa = PBXFileReference; explicitFileType = wrapper.framework; path = Commander.framework; sourceTree = BUILT_PRODUCTS_DIR; };
		OBJ_57 /* Ambil */ = {isa = PBXFileReference; lastKnownFileType = text; path = Ambil; sourceTree = BUILT_PRODUCTS_DIR; };
		OBJ_58 /* AmbilTests.xctest */ = {isa = PBXFileReference; lastKnownFileType = file; path = AmbilTests.xctest; sourceTree = BUILT_PRODUCTS_DIR; };
		OBJ_6 /* Package.swift */ = {isa = PBXFileReference; explicitFileType = sourcecode.swift; path = Package.swift; sourceTree = "<group>"; };
		OBJ_9 /* AFError.swift */ = {isa = PBXFileReference; lastKnownFileType = sourcecode.swift; path = AFError.swift; sourceTree = "<group>"; };
/* End PBXFileReference section */

/* Begin PBXFrameworksBuildPhase section */
		OBJ_110 /* Frameworks */ = {
			isa = PBXFrameworksBuildPhase;
			buildActionMask = 0;
			files = (
				OBJ_111 /* Spectre.framework in Frameworks */,
			);
			runOnlyForDeploymentPostprocessing = 0;
		};
		OBJ_121 /* Frameworks */ = {
			isa = PBXFrameworksBuildPhase;
			buildActionMask = 0;
			files = (
				OBJ_122 /* Alamofire.framework in Frameworks */,
				OBJ_123 /* Spectre.framework in Frameworks */,
				OBJ_124 /* Commander.framework in Frameworks */,
			);
			runOnlyForDeploymentPostprocessing = 0;
		};
		OBJ_135 /* Frameworks */ = {
			isa = PBXFrameworksBuildPhase;
			buildActionMask = 0;
			files = (
				OBJ_136 /* Alamofire.framework in Frameworks */,
				OBJ_137 /* Spectre.framework in Frameworks */,
				OBJ_138 /* Commander.framework in Frameworks */,
			);
			runOnlyForDeploymentPostprocessing = 0;
		};
		OBJ_81 /* Frameworks */ = {
			isa = PBXFrameworksBuildPhase;
			buildActionMask = 0;
			files = (
			);
			runOnlyForDeploymentPostprocessing = 0;
		};
		OBJ_95 /* Frameworks */ = {
			isa = PBXFrameworksBuildPhase;
			buildActionMask = 0;
			files = (
			);
			runOnlyForDeploymentPostprocessing = 0;
		};
/* End PBXFrameworksBuildPhase section */

/* Begin PBXGroup section */
		OBJ_26 /* Spectre */ = {
			isa = PBXGroup;
			children = (
				OBJ_27 /* Case.swift */,
				OBJ_28 /* Context.swift */,
				OBJ_29 /* Expectation.swift */,
				OBJ_30 /* Failure.swift */,
				OBJ_31 /* Global.swift */,
				OBJ_32 /* GlobalContext.swift */,
				OBJ_33 /* Reporter.swift */,
				OBJ_34 /* Reporters.swift */,
			);
			name = Spectre;
			path = "Packages/Spectre-0.7.2/Sources";
			sourceTree = SOURCE_ROOT;
		};
		OBJ_35 /* Commander */ = {
			isa = PBXGroup;
			children = (
				OBJ_36 /* ArgumentConvertible.swift */,
				OBJ_37 /* ArgumentDescription.swift */,
				OBJ_38 /* ArgumentParser.swift */,
				OBJ_39 /* Command.swift */,
				OBJ_40 /* CommandRunner.swift */,
				OBJ_41 /* Commands.swift */,
				OBJ_42 /* CommandType.swift */,
				OBJ_43 /* Error.swift */,
				OBJ_44 /* Group.swift */,
			);
			name = Commander;
			path = "Packages/Commander-0.6.1/Sources";
			sourceTree = SOURCE_ROOT;
		};
		OBJ_45 /* Ambil */ = {
			isa = PBXGroup;
			children = (
				OBJ_46 /* ConfigReader.swift */,
				OBJ_47 /* Downloader.swift */,
				OBJ_48 /* main.swift */,
			);
			name = Ambil;
			path = Sources/Ambil;
			sourceTree = SOURCE_ROOT;
		};
		OBJ_49 /* Tests */ = {
			isa = PBXGroup;
			children = (
				OBJ_50 /* AmbilTests */,
			);
			path = Tests;
			sourceTree = "<group>";
		};
		OBJ_5 /*  */ = {
			isa = PBXGroup;
			children = (
				OBJ_6 /* Package.swift */,
				OBJ_7 /* Sources */,
				OBJ_49 /* Tests */,
				OBJ_53 /* Products */,
			);
			name = "";
			sourceTree = "<group>";
		};
		OBJ_50 /* AmbilTests */ = {
			isa = PBXGroup;
			children = (
				OBJ_51 /* PathSpec.swift */,
				OBJ_52 /* XCTest.swift */,
			);
			name = AmbilTests;
			path = Tests/AmbilTests;
			sourceTree = SOURCE_ROOT;
		};
		OBJ_53 /* Products */ = {
			isa = PBXGroup;
			children = (
				OBJ_54 /* Alamofire.framework */,
				OBJ_55 /* Spectre.framework */,
				OBJ_56 /* Commander.framework */,
				OBJ_57 /* Ambil */,
				OBJ_58 /* AmbilTests.xctest */,
			);
			name = Products;
			sourceTree = BUILT_PRODUCTS_DIR;
		};
		OBJ_7 /* Sources */ = {
			isa = PBXGroup;
			children = (
				OBJ_8 /* Alamofire */,
				OBJ_26 /* Spectre */,
				OBJ_35 /* Commander */,
				OBJ_45 /* Ambil */,
			);
			path = Sources;
			sourceTree = "<group>";
		};
		OBJ_8 /* Alamofire */ = {
			isa = PBXGroup;
			children = (
				OBJ_9 /* AFError.swift */,
				OBJ_10 /* Alamofire.swift */,
				OBJ_11 /* DispatchQueue+Alamofire.swift */,
				OBJ_12 /* MultipartFormData.swift */,
				OBJ_13 /* NetworkReachabilityManager.swift */,
				OBJ_14 /* Notifications.swift */,
				OBJ_15 /* ParameterEncoding.swift */,
				OBJ_16 /* Request.swift */,
				OBJ_17 /* Response.swift */,
				OBJ_18 /* ResponseSerialization.swift */,
				OBJ_19 /* Result.swift */,
				OBJ_20 /* ServerTrustPolicy.swift */,
				OBJ_21 /* SessionDelegate.swift */,
				OBJ_22 /* SessionManager.swift */,
				OBJ_23 /* TaskDelegate.swift */,
				OBJ_24 /* Timeline.swift */,
				OBJ_25 /* Validation.swift */,
			);
			name = Alamofire;
			path = "Packages/Alamofire-4.2.0/Source";
			sourceTree = SOURCE_ROOT;
		};
/* End PBXGroup section */

/* Begin PBXNativeTarget section */
		OBJ_113 /* Ambil */ = {
			isa = PBXNativeTarget;
			buildConfigurationList = OBJ_114 /* Build configuration list for PBXNativeTarget "Ambil" */;
			buildPhases = (
				OBJ_117 /* Sources */,
				OBJ_121 /* Frameworks */,
			);
			buildRules = (
			);
			dependencies = (
				OBJ_125 /* PBXTargetDependency */,
				OBJ_126 /* PBXTargetDependency */,
				OBJ_127 /* PBXTargetDependency */,
			);
			name = Ambil;
			productName = Ambil;
			productReference = OBJ_57 /* Ambil */;
			productType = "com.apple.product-type.tool";
		};
		OBJ_128 /* AmbilTests */ = {
			isa = PBXNativeTarget;
			buildConfigurationList = OBJ_129 /* Build configuration list for PBXNativeTarget "AmbilTests" */;
			buildPhases = (
				OBJ_132 /* Sources */,
				OBJ_135 /* Frameworks */,
			);
			buildRules = (
			);
			dependencies = (
				OBJ_139 /* PBXTargetDependency */,
				OBJ_140 /* PBXTargetDependency */,
				OBJ_141 /* PBXTargetDependency */,
				OBJ_142 /* PBXTargetDependency */,
			);
			name = AmbilTests;
			productName = AmbilTests;
			productReference = OBJ_58 /* AmbilTests.xctest */;
			productType = "com.apple.product-type.bundle.unit-test";
		};
		OBJ_59 /* Alamofire */ = {
			isa = PBXNativeTarget;
			buildConfigurationList = OBJ_60 /* Build configuration list for PBXNativeTarget "Alamofire" */;
			buildPhases = (
				OBJ_63 /* Sources */,
				OBJ_81 /* Frameworks */,
			);
			buildRules = (
			);
			dependencies = (
			);
			name = Alamofire;
			productName = Alamofire;
			productReference = OBJ_54 /* Alamofire.framework */;
			productType = "com.apple.product-type.framework";
		};
		OBJ_82 /* Spectre */ = {
			isa = PBXNativeTarget;
			buildConfigurationList = OBJ_83 /* Build configuration list for PBXNativeTarget "Spectre" */;
			buildPhases = (
				OBJ_86 /* Sources */,
				OBJ_95 /* Frameworks */,
			);
			buildRules = (
			);
			dependencies = (
			);
			name = Spectre;
			productName = Spectre;
			productReference = OBJ_55 /* Spectre.framework */;
			productType = "com.apple.product-type.framework";
		};
		OBJ_96 /* Commander */ = {
			isa = PBXNativeTarget;
			buildConfigurationList = OBJ_97 /* Build configuration list for PBXNativeTarget "Commander" */;
			buildPhases = (
				OBJ_100 /* Sources */,
				OBJ_110 /* Frameworks */,
			);
			buildRules = (
			);
			dependencies = (
				OBJ_112 /* PBXTargetDependency */,
			);
			name = Commander;
			productName = Commander;
			productReference = OBJ_56 /* Commander.framework */;
			productType = "com.apple.product-type.framework";
		};
/* End PBXNativeTarget section */

/* Begin PBXProject section */
		OBJ_1 /* Project object */ = {
			isa = PBXProject;
			attributes = {
				LastUpgradeCheck = 9999;
			};
			buildConfigurationList = OBJ_2 /* Build configuration list for PBXProject "Ambil" */;
			compatibilityVersion = "Xcode 3.2";
			developmentRegion = English;
			hasScannedForEncodings = 0;
			knownRegions = (
				en,
			);
			mainGroup = OBJ_5 /*  */;
			productRefGroup = OBJ_53 /* Products */;
			projectDirPath = "";
			projectRoot = "";
			targets = (
				OBJ_59 /* Alamofire */,
				OBJ_82 /* Spectre */,
				OBJ_96 /* Commander */,
				OBJ_113 /* Ambil */,
				OBJ_128 /* AmbilTests */,
			);
		};
/* End PBXProject section */

/* Begin PBXSourcesBuildPhase section */
		OBJ_100 /* Sources */ = {
			isa = PBXSourcesBuildPhase;
			buildActionMask = 0;
			files = (
				OBJ_101 /* ArgumentConvertible.swift in Sources */,
				OBJ_102 /* ArgumentDescription.swift in Sources */,
				OBJ_103 /* ArgumentParser.swift in Sources */,
				OBJ_104 /* Command.swift in Sources */,
				OBJ_105 /* CommandRunner.swift in Sources */,
				OBJ_106 /* Commands.swift in Sources */,
				OBJ_107 /* CommandType.swift in Sources */,
				OBJ_108 /* Error.swift in Sources */,
				OBJ_109 /* Group.swift in Sources */,
			);
			runOnlyForDeploymentPostprocessing = 0;
		};
		OBJ_117 /* Sources */ = {
			isa = PBXSourcesBuildPhase;
			buildActionMask = 0;
			files = (
				OBJ_118 /* ConfigReader.swift in Sources */,
				OBJ_119 /* Downloader.swift in Sources */,
				OBJ_120 /* main.swift in Sources */,
			);
			runOnlyForDeploymentPostprocessing = 0;
		};
		OBJ_132 /* Sources */ = {
			isa = PBXSourcesBuildPhase;
			buildActionMask = 0;
			files = (
				OBJ_133 /* PathSpec.swift in Sources */,
				OBJ_134 /* XCTest.swift in Sources */,
			);
			runOnlyForDeploymentPostprocessing = 0;
		};
		OBJ_63 /* Sources */ = {
			isa = PBXSourcesBuildPhase;
			buildActionMask = 0;
			files = (
				OBJ_64 /* AFError.swift in Sources */,
				OBJ_65 /* Alamofire.swift in Sources */,
				OBJ_66 /* DispatchQueue+Alamofire.swift in Sources */,
				OBJ_67 /* MultipartFormData.swift in Sources */,
				OBJ_68 /* NetworkReachabilityManager.swift in Sources */,
				OBJ_69 /* Notifications.swift in Sources */,
				OBJ_70 /* ParameterEncoding.swift in Sources */,
				OBJ_71 /* Request.swift in Sources */,
				OBJ_72 /* Response.swift in Sources */,
				OBJ_73 /* ResponseSerialization.swift in Sources */,
				OBJ_74 /* Result.swift in Sources */,
				OBJ_75 /* ServerTrustPolicy.swift in Sources */,
				OBJ_76 /* SessionDelegate.swift in Sources */,
				OBJ_77 /* SessionManager.swift in Sources */,
				OBJ_78 /* TaskDelegate.swift in Sources */,
				OBJ_79 /* Timeline.swift in Sources */,
				OBJ_80 /* Validation.swift in Sources */,
			);
			runOnlyForDeploymentPostprocessing = 0;
		};
		OBJ_86 /* Sources */ = {
			isa = PBXSourcesBuildPhase;
			buildActionMask = 0;
			files = (
				OBJ_87 /* Case.swift in Sources */,
				OBJ_88 /* Context.swift in Sources */,
				OBJ_89 /* Expectation.swift in Sources */,
				OBJ_90 /* Failure.swift in Sources */,
				OBJ_91 /* Global.swift in Sources */,
				OBJ_92 /* GlobalContext.swift in Sources */,
				OBJ_93 /* Reporter.swift in Sources */,
				OBJ_94 /* Reporters.swift in Sources */,
			);
			runOnlyForDeploymentPostprocessing = 0;
		};
/* End PBXSourcesBuildPhase section */

/* Begin PBXTargetDependency section */
		OBJ_112 /* PBXTargetDependency */ = {
			isa = PBXTargetDependency;
			target = OBJ_82 /* Spectre */;
			targetProxy = 79B1D2D71E18032F0052A502 /* PBXContainerItemProxy */;
		};
		OBJ_125 /* PBXTargetDependency */ = {
			isa = PBXTargetDependency;
			target = OBJ_59 /* Alamofire */;
			targetProxy = 79B1D2D81E18032F0052A502 /* PBXContainerItemProxy */;
		};
		OBJ_126 /* PBXTargetDependency */ = {
			isa = PBXTargetDependency;
			target = OBJ_82 /* Spectre */;
			targetProxy = 79B1D2D91E18032F0052A502 /* PBXContainerItemProxy */;
		};
		OBJ_127 /* PBXTargetDependency */ = {
			isa = PBXTargetDependency;
			target = OBJ_96 /* Commander */;
			targetProxy = 79B1D2DA1E18032F0052A502 /* PBXContainerItemProxy */;
		};
		OBJ_139 /* PBXTargetDependency */ = {
			isa = PBXTargetDependency;
			target = OBJ_59 /* Alamofire */;
			targetProxy = 79B1D2DB1E18032F0052A502 /* PBXContainerItemProxy */;
		};
		OBJ_140 /* PBXTargetDependency */ = {
			isa = PBXTargetDependency;
			target = OBJ_82 /* Spectre */;
			targetProxy = 79B1D2DC1E18032F0052A502 /* PBXContainerItemProxy */;
		};
		OBJ_141 /* PBXTargetDependency */ = {
			isa = PBXTargetDependency;
			target = OBJ_96 /* Commander */;
			targetProxy = 79B1D2DD1E18032F0052A502 /* PBXContainerItemProxy */;
		};
		OBJ_142 /* PBXTargetDependency */ = {
			isa = PBXTargetDependency;
			target = OBJ_113 /* Ambil */;
			targetProxy = 79B1D2DE1E18032F0052A502 /* PBXContainerItemProxy */;
		};
/* End PBXTargetDependency section */

/* Begin XCBuildConfiguration section */
		OBJ_115 /* Debug */ = {
			isa = XCBuildConfiguration;
			buildSettings = {
				FRAMEWORK_SEARCH_PATHS = (
					"$(inherited)",
					"$(PLATFORM_DIR)/Developer/Library/Frameworks",
				);
				HEADER_SEARCH_PATHS = "$(inherited)";
				INFOPLIST_FILE = Ambil.xcodeproj/Ambil_Info.plist;
				LD_RUNPATH_SEARCH_PATHS = "$(TOOLCHAIN_DIR)/usr/lib/swift/macosx @executable_path";
				OTHER_LDFLAGS = "$(inherited)";
				OTHER_SWIFT_FLAGS = "$(inherited)";
				SWIFT_FORCE_DYNAMIC_LINK_STDLIB = YES;
				SWIFT_FORCE_STATIC_LINK_STDLIB = NO;
				TARGET_NAME = Ambil;
			};
			name = Debug;
		};
		OBJ_116 /* Release */ = {
			isa = XCBuildConfiguration;
			buildSettings = {
				FRAMEWORK_SEARCH_PATHS = (
					"$(inherited)",
					"$(PLATFORM_DIR)/Developer/Library/Frameworks",
				);
				HEADER_SEARCH_PATHS = "$(inherited)";
				INFOPLIST_FILE = Ambil.xcodeproj/Ambil_Info.plist;
				LD_RUNPATH_SEARCH_PATHS = "$(TOOLCHAIN_DIR)/usr/lib/swift/macosx @executable_path";
				OTHER_LDFLAGS = "$(inherited)";
				OTHER_SWIFT_FLAGS = "$(inherited)";
				SWIFT_FORCE_DYNAMIC_LINK_STDLIB = YES;
				SWIFT_FORCE_STATIC_LINK_STDLIB = NO;
				TARGET_NAME = Ambil;
			};
			name = Release;
		};
		OBJ_130 /* Debug */ = {
			isa = XCBuildConfiguration;
			buildSettings = {
				EMBEDDED_CONTENT_CONTAINS_SWIFT = YES;
				FRAMEWORK_SEARCH_PATHS = (
					"$(inherited)",
					"$(PLATFORM_DIR)/Developer/Library/Frameworks",
				);
				HEADER_SEARCH_PATHS = "$(inherited)";
				INFOPLIST_FILE = Ambil.xcodeproj/AmbilTests_Info.plist;
				LD_RUNPATH_SEARCH_PATHS = "@loader_path/../Frameworks";
				OTHER_LDFLAGS = "$(inherited)";
				OTHER_SWIFT_FLAGS = "$(inherited)";
				TARGET_NAME = AmbilTests;
			};
			name = Debug;
		};
		OBJ_131 /* Release */ = {
			isa = XCBuildConfiguration;
			buildSettings = {
				EMBEDDED_CONTENT_CONTAINS_SWIFT = YES;
				FRAMEWORK_SEARCH_PATHS = (
					"$(inherited)",
					"$(PLATFORM_DIR)/Developer/Library/Frameworks",
				);
				HEADER_SEARCH_PATHS = "$(inherited)";
				INFOPLIST_FILE = Ambil.xcodeproj/AmbilTests_Info.plist;
				LD_RUNPATH_SEARCH_PATHS = "@loader_path/../Frameworks";
				OTHER_LDFLAGS = "$(inherited)";
				OTHER_SWIFT_FLAGS = "$(inherited)";
				TARGET_NAME = AmbilTests;
			};
			name = Release;
		};
		OBJ_3 /* Debug */ = {
			isa = XCBuildConfiguration;
			buildSettings = {
				COMBINE_HIDPI_IMAGES = YES;
				COPY_PHASE_STRIP = NO;
				DEBUG_INFORMATION_FORMAT = dwarf;
				DYLIB_INSTALL_NAME_BASE = "@rpath";
				ENABLE_NS_ASSERTIONS = YES;
				GCC_OPTIMIZATION_LEVEL = 0;
				MACOSX_DEPLOYMENT_TARGET = 10.10;
				ONLY_ACTIVE_ARCH = YES;
				OTHER_SWIFT_FLAGS = "-DXcode";
				PRODUCT_NAME = "$(TARGET_NAME)";
				SDKROOT = macosx;
				SUPPORTED_PLATFORMS = "macosx iphoneos iphonesimulator appletvos appletvsimulator watchos watchsimulator";
				SWIFT_ACTIVE_COMPILATION_CONDITIONS = SWIFT_PACKAGE;
				SWIFT_OPTIMIZATION_LEVEL = "-Onone";
				SWIFT_VERSION = 3.0;
				USE_HEADERMAP = NO;
			};
			name = Debug;
		};
		OBJ_4 /* Release */ = {
			isa = XCBuildConfiguration;
			buildSettings = {
				COMBINE_HIDPI_IMAGES = YES;
				COPY_PHASE_STRIP = YES;
				DEBUG_INFORMATION_FORMAT = "dwarf-with-dsym";
				DYLIB_INSTALL_NAME_BASE = "@rpath";
				GCC_OPTIMIZATION_LEVEL = s;
				MACOSX_DEPLOYMENT_TARGET = 10.10;
				OTHER_SWIFT_FLAGS = "-DXcode";
				PRODUCT_NAME = "$(TARGET_NAME)";
				SDKROOT = macosx;
				SUPPORTED_PLATFORMS = "macosx iphoneos iphonesimulator appletvos appletvsimulator watchos watchsimulator";
				SWIFT_ACTIVE_COMPILATION_CONDITIONS = SWIFT_PACKAGE;
				SWIFT_OPTIMIZATION_LEVEL = "-O";
				SWIFT_VERSION = 3.0;
				USE_HEADERMAP = NO;
			};
			name = Release;
		};
		OBJ_61 /* Debug */ = {
			isa = XCBuildConfiguration;
			buildSettings = {
				ENABLE_TESTABILITY = YES;
				FRAMEWORK_SEARCH_PATHS = (
					"$(inherited)",
					"$(PLATFORM_DIR)/Developer/Library/Frameworks",
				);
				HEADER_SEARCH_PATHS = "$(inherited)";
				INFOPLIST_FILE = Ambil.xcodeproj/Alamofire_Info.plist;
				LD_RUNPATH_SEARCH_PATHS = "$(TOOLCHAIN_DIR)/usr/lib/swift/macosx";
				OTHER_LDFLAGS = "$(inherited)";
				OTHER_SWIFT_FLAGS = "$(inherited)";
				PRODUCT_BUNDLE_IDENTIFIER = Alamofire;
				PRODUCT_MODULE_NAME = "$(TARGET_NAME:c99extidentifier)";
				PRODUCT_NAME = "$(TARGET_NAME:c99extidentifier)";
				TARGET_NAME = Alamofire;
			};
			name = Debug;
		};
		OBJ_62 /* Release */ = {
			isa = XCBuildConfiguration;
			buildSettings = {
				ENABLE_TESTABILITY = YES;
				FRAMEWORK_SEARCH_PATHS = (
					"$(inherited)",
					"$(PLATFORM_DIR)/Developer/Library/Frameworks",
				);
				HEADER_SEARCH_PATHS = "$(inherited)";
				INFOPLIST_FILE = Ambil.xcodeproj/Alamofire_Info.plist;
				LD_RUNPATH_SEARCH_PATHS = "$(TOOLCHAIN_DIR)/usr/lib/swift/macosx";
				OTHER_LDFLAGS = "$(inherited)";
				OTHER_SWIFT_FLAGS = "$(inherited)";
				PRODUCT_BUNDLE_IDENTIFIER = Alamofire;
				PRODUCT_MODULE_NAME = "$(TARGET_NAME:c99extidentifier)";
				PRODUCT_NAME = "$(TARGET_NAME:c99extidentifier)";
				TARGET_NAME = Alamofire;
			};
			name = Release;
		};
		OBJ_84 /* Debug */ = {
			isa = XCBuildConfiguration;
			buildSettings = {
				ENABLE_TESTABILITY = YES;
				FRAMEWORK_SEARCH_PATHS = (
					"$(inherited)",
					"$(PLATFORM_DIR)/Developer/Library/Frameworks",
				);
				HEADER_SEARCH_PATHS = "$(inherited)";
				INFOPLIST_FILE = Ambil.xcodeproj/Spectre_Info.plist;
				LD_RUNPATH_SEARCH_PATHS = "$(TOOLCHAIN_DIR)/usr/lib/swift/macosx";
				OTHER_LDFLAGS = "$(inherited)";
				OTHER_SWIFT_FLAGS = "$(inherited)";
				PRODUCT_BUNDLE_IDENTIFIER = Spectre;
				PRODUCT_MODULE_NAME = "$(TARGET_NAME:c99extidentifier)";
				PRODUCT_NAME = "$(TARGET_NAME:c99extidentifier)";
				TARGET_NAME = Spectre;
			};
			name = Debug;
		};
		OBJ_85 /* Release */ = {
			isa = XCBuildConfiguration;
			buildSettings = {
				ENABLE_TESTABILITY = YES;
				FRAMEWORK_SEARCH_PATHS = (
					"$(inherited)",
					"$(PLATFORM_DIR)/Developer/Library/Frameworks",
				);
				HEADER_SEARCH_PATHS = "$(inherited)";
				INFOPLIST_FILE = Ambil.xcodeproj/Spectre_Info.plist;
				LD_RUNPATH_SEARCH_PATHS = "$(TOOLCHAIN_DIR)/usr/lib/swift/macosx";
				OTHER_LDFLAGS = "$(inherited)";
				OTHER_SWIFT_FLAGS = "$(inherited)";
				PRODUCT_BUNDLE_IDENTIFIER = Spectre;
				PRODUCT_MODULE_NAME = "$(TARGET_NAME:c99extidentifier)";
				PRODUCT_NAME = "$(TARGET_NAME:c99extidentifier)";
				TARGET_NAME = Spectre;
			};
			name = Release;
		};
		OBJ_98 /* Debug */ = {
			isa = XCBuildConfiguration;
			buildSettings = {
				ENABLE_TESTABILITY = YES;
				FRAMEWORK_SEARCH_PATHS = (
					"$(inherited)",
					"$(PLATFORM_DIR)/Developer/Library/Frameworks",
				);
				HEADER_SEARCH_PATHS = "$(inherited)";
				INFOPLIST_FILE = Ambil.xcodeproj/Commander_Info.plist;
				LD_RUNPATH_SEARCH_PATHS = "$(TOOLCHAIN_DIR)/usr/lib/swift/macosx";
				OTHER_LDFLAGS = "$(inherited)";
				OTHER_SWIFT_FLAGS = "$(inherited)";
				PRODUCT_BUNDLE_IDENTIFIER = Commander;
				PRODUCT_MODULE_NAME = "$(TARGET_NAME:c99extidentifier)";
				PRODUCT_NAME = "$(TARGET_NAME:c99extidentifier)";
				TARGET_NAME = Commander;
			};
			name = Debug;
		};
		OBJ_99 /* Release */ = {
			isa = XCBuildConfiguration;
			buildSettings = {
				ENABLE_TESTABILITY = YES;
				FRAMEWORK_SEARCH_PATHS = (
					"$(inherited)",
					"$(PLATFORM_DIR)/Developer/Library/Frameworks",
				);
				HEADER_SEARCH_PATHS = "$(inherited)";
				INFOPLIST_FILE = Ambil.xcodeproj/Commander_Info.plist;
				LD_RUNPATH_SEARCH_PATHS = "$(TOOLCHAIN_DIR)/usr/lib/swift/macosx";
				OTHER_LDFLAGS = "$(inherited)";
				OTHER_SWIFT_FLAGS = "$(inherited)";
				PRODUCT_BUNDLE_IDENTIFIER = Commander;
				PRODUCT_MODULE_NAME = "$(TARGET_NAME:c99extidentifier)";
				PRODUCT_NAME = "$(TARGET_NAME:c99extidentifier)";
				TARGET_NAME = Commander;
			};
			name = Release;
		};
/* End XCBuildConfiguration section */

/* Begin XCConfigurationList section */
		OBJ_114 /* Build configuration list for PBXNativeTarget "Ambil" */ = {
			isa = XCConfigurationList;
			buildConfigurations = (
				OBJ_115 /* Debug */,
				OBJ_116 /* Release */,
			);
			defaultConfigurationIsVisible = 0;
			defaultConfigurationName = Debug;
		};
		OBJ_129 /* Build configuration list for PBXNativeTarget "AmbilTests" */ = {
			isa = XCConfigurationList;
			buildConfigurations = (
				OBJ_130 /* Debug */,
				OBJ_131 /* Release */,
			);
			defaultConfigurationIsVisible = 0;
			defaultConfigurationName = Debug;
		};
		OBJ_2 /* Build configuration list for PBXProject "Ambil" */ = {
			isa = XCConfigurationList;
			buildConfigurations = (
				OBJ_3 /* Debug */,
				OBJ_4 /* Release */,
			);
			defaultConfigurationIsVisible = 0;
			defaultConfigurationName = Debug;
		};
		OBJ_60 /* Build configuration list for PBXNativeTarget "Alamofire" */ = {
			isa = XCConfigurationList;
			buildConfigurations = (
				OBJ_61 /* Debug */,
				OBJ_62 /* Release */,
			);
			defaultConfigurationIsVisible = 0;
			defaultConfigurationName = Debug;
		};
		OBJ_83 /* Build configuration list for PBXNativeTarget "Spectre" */ = {
			isa = XCConfigurationList;
			buildConfigurations = (
				OBJ_84 /* Debug */,
				OBJ_85 /* Release */,
			);
			defaultConfigurationIsVisible = 0;
			defaultConfigurationName = Debug;
		};
		OBJ_97 /* Build configuration list for PBXNativeTarget "Commander" */ = {
			isa = XCConfigurationList;
			buildConfigurations = (
				OBJ_98 /* Debug */,
				OBJ_99 /* Release */,
			);
			defaultConfigurationIsVisible = 0;
			defaultConfigurationName = Debug;
		};
/* End XCConfigurationList section */
	};
	rootObject = OBJ_1 /* Project object */;
}
